
Microsoft Visual Studio Solution File, Format Version 12.00
# Visual Studio 15
VisualStudioVersion = 15.0.28010.2026
MinimumVisualStudioVersion = 10.0.40219.1
Project("{FAE04EC0-301F-11D3-BF4B-00C04F79EFBC}") = "Authentication2.0", "Authentication2.0\Authentication2.0.csproj", "{B527E143-95B7-42AC-96E5-000F17D8DB12}"
EndProject
Global
	GlobalSection(SolutionConfigurationPlatforms) = preSolution
		Debug|Any CPU = Debug|Any CPU
		Release|Any CPU = Release|Any CPU
	EndGlobalSection
	GlobalSection(ProjectConfigurationPlatforms) = postSolution
		{B527E143-95B7-42AC-96E5-000F17D8DB12}.Debug|Any CPU.ActiveCfg = Debug|Any CPU
		{B527E143-95B7-42AC-96E5-000F17D8DB12}.Debug|Any CPU.Build.0 = Debug|Any CPU
		{B527E143-95B7-42AC-96E5-000F17D8DB12}.Release|Any CPU.ActiveCfg = Release|Any CPU
		{B527E143-95B7-42AC-96E5-000F17D8DB12}.Release|Any CPU.Build.0 = Release|Any CPU
	EndGlobalSection
	GlobalSection(SolutionProperties) = preSolution
		HideSolutionNode = FALSE
	EndGlobalSection
	GlobalSection(ExtensibilityGlobals) = postSolution
		SolutionGuid = {3695BDB0-A26F-40D2-8C8E-2E6769666305}
	EndGlobalSection
EndGlobal
